
Microsoft Visual Studio Solution File, Format Version 12.00
# Visual Studio 15
VisualStudioVersion = 15.0.27004.2002
MinimumVisualStudioVersion = 10.0.40219.1
Project("{9A19103F-16F7-4668-BE54-9A1E7A4F7556}") = "api", "api.csproj", "{58E46FA6-4CBB-46F1-A8B0-C913699FF30F}"
EndProject
Global
	GlobalSection(SolutionConfigurationPlatforms) = preSolution
		Debug|Any CPU = Debug|Any CPU
		Release|Any CPU = Release|Any CPU
	EndGlobalSection
	GlobalSection(ProjectConfigurationPlatforms) = postSolution
		{58E46FA6-4CBB-46F1-A8B0-C913699FF30F}.Debug|Any CPU.ActiveCfg = Debug|Any CPU
		{58E46FA6-4CBB-46F1-A8B0-C913699FF30F}.Debug|Any CPU.Build.0 = Debug|Any CPU
		{58E46FA6-4CBB-46F1-A8B0-C913699FF30F}.Release|Any CPU.ActiveCfg = Release|Any CPU
		{58E46FA6-4CBB-46F1-A8B0-C913699FF30F}.Release|Any CPU.Build.0 = Release|Any CPU
	EndGlobalSection
	GlobalSection(SolutionProperties) = preSolution
		HideSolutionNode = FALSE
	EndGlobalSection
	GlobalSection(ExtensibilityGlobals) = postSolution
		SolutionGuid = {5625A2E4-115E-41ED-9C4E-9B9E78057259}
	EndGlobalSection
EndGlobal
